
Microsoft Visual Studio Solution File, Format Version 12.00
# Visual Studio Version 17
VisualStudioVersion = 17.14.36705.20 d17.14
MinimumVisualStudioVersion = 10.0.40219.1
Project("{FAE04EC0-301F-11D3-BF4B-00C04F79EFBC}") = "مشروع الخوارزميات", "مشروع الخوارزميات\مشروع الخوارزميات.csproj", "{88A641A9-C972-40C5-A01D-058D24866F68}"
EndProject
Global
	GlobalSection(SolutionConfigurationPlatforms) = preSolution
		Debug|Any CPU = Debug|Any CPU
		Release|Any CPU = Release|Any CPU
	EndGlobalSection
	GlobalSection(ProjectConfigurationPlatforms) = postSolution
		{88A641A9-C972-40C5-A01D-058D24866F68}.Debug|Any CPU.ActiveCfg = Debug|Any CPU
		{88A641A9-C972-40C5-A01D-058D24866F68}.Debug|Any CPU.Build.0 = Debug|Any CPU
		{88A641A9-C972-40C5-A01D-058D24866F68}.Release|Any CPU.ActiveCfg = Release|Any CPU
		{88A641A9-C972-40C5-A01D-058D24866F68}.Release|Any CPU.Build.0 = Release|Any CPU
	EndGlobalSection
	GlobalSection(SolutionProperties) = preSolution
		HideSolutionNode = FALSE
	EndGlobalSection
	GlobalSection(ExtensibilityGlobals) = postSolution
		SolutionGuid = {255D43AF-A0FD-4AD8-A571-DCA161667E43}
	EndGlobalSection
EndGlobal
